{
  "name": "servidor1",
  "version": "1.0.0",
  "lockfileVersion": 3,
  "requires": true,
  "packages": {
    "": {
      "name": "servidor1",
      "version": "1.0.0",
      "license": "ISC",
      "dependencies": {
        "pack-atividades-vitor": "^1.2.0"
      }
    },
    "node_modules/pack-atividades-vitor": {
      "version": "1.2.0",
      "resolved": "https://registry.npmjs.org/pack-atividades-vitor/-/pack-atividades-vitor-1.2.0.tgz",
      "integrity": "sha512-tPqjA5+lK5B7xCOlkGLpf9Ci2fWwrP72hYcpBxK1tOyp6YEwd/Cb+SeKGsw8eae88x23XcX0cjPq17xmSAdOvA==",
      "license": "ISC"
    }
  }
}
